# Generated by pub
# See http://pub.dartlang.org/doc/glossary.html#lockfile
packages:
  analyzer_experimental:
    description: analyzer_experimental
    source: hosted
    version: "0.8.6"
  args:
    description: args
    source: hosted
    version: "0.10.0+1"
  bignum:
    description: bignum
    source: hosted
    version: "0.0.4"
  bot:
    description: bot
    source: hosted
    version: "0.26.0"
  bot_web:
    description: bot_web
    source: hosted
    version: "0.21.0"
  browser:
    description: browser
    source: hosted
    version: "0.9.1"
  cipher:
    description: cipher
    source: hosted
    version: "0.5.0"
  collection:
    description: collection
    source: hosted
    version: "0.9.1"
  crypto:
    description: crypto
    source: hosted
    version: "0.9.0"
  csslib:
    description: csslib
    source: hosted
    version: "0.4.7+11"
  custom_element:
    description: custom_element
    source: hosted
    version: "0.9.1+2"
  fixnum:
    description: fixnum
    source: hosted
    version: "0.9.0"
  html5lib:
    description: html5lib
    source: hosted
    version: "0.8.9"
  http_server:
    description: http_server
    source: hosted
    version: "0.9.1"
  logging:
    description: logging
    source: hosted
    version: "0.9.1+1"
  meta:
    description: meta
    source: hosted
    version: "0.8.8"
  mime:
    description: mime
    source: hosted
    version: "0.9.0"
  mutation_observer:
    description: mutation_observer
    source: hosted
    version: "0.9.0"
  options_file:
    description: options_file
    source: hosted
    version: "0.10.0"
  path:
    description: path
    source: hosted
    version: "1.0.0"
  route:
    description: route
    source: hosted
    version: "0.4.6"
  source_maps:
    description: source_maps
    source: hosted
    version: "0.9.0"
  sqljocky:
    description: sqljocky
    source: hosted
    version: "0.9.0"
  stack_trace:
    description: stack_trace
    source: hosted
    version: "0.9.1"
  unittest:
    description: unittest
    source: hosted
    version: "0.9.3"
  utf:
    description: utf
    source: hosted
    version: "0.9.0"
  uuid:
    description: uuid
    source: hosted
    version: "0.2.1"
  web_ui:
    description: web_ui
    source: hosted
    version: "0.4.28"
  widget:
    description: widget
    source: hosted
    version: "0.2.7"
